<?xml version="1.0" encoding="utf-8"?>
<Project ToolsVersion="4.0" xmlns="http://schemas.microsoft.com/developer/msbuild/2003">
  <ItemGroup>
    <Filter Include="Source Files">
      <UniqueIdentifier>{4FC737F1-C7A5-4376-A066-2A32D752A2FF}</UniqueIdentifier>
      <Extensions>cpp;c;cc;cxx;def;odl;idl;hpj;bat;asm;asmx</Extensions>
    </Filter>
    <Filter Include="Header Files">
      <UniqueIdentifier>{93995380-89BD-4b04-88EB-625FBE52EBFB}</UniqueIdentifier>
      <Extensions>h;hpp;hxx;hm;inl;inc;xsd</Extensions>
    </Filter>
    <Filter Include="Resource Files">
      <UniqueIdentifier>{67DA6AB6-F800-4c08-8B7A-83BB121AAD01}</UniqueIdentifier>
      <Extensions>rc;ico;cur;bmp;dlg;rc2;rct;bin;rgs;gif;jpg;jpeg;jpe;resx;tiff;tif;png;wav;mfcribbon-ms</Extensions>
    </Filter>
  </ItemGroup>
  <ItemGroup>
    <ClInclude Include="stdafx.h">
      <Filter>Header Files</Filter>
    </ClInclude>
    <ClInclude Include="targetver.h">
      <Filter>Header Files</Filter>
    </ClInclude>
    <ClInclude Include="include\glew\include\gl\glew.h">
      <Filter>Header Files</Filter>
    </ClInclude>
    <ClInclude Include="include\glew\include\GL\glxew.h">
      <Filter>Header Files</Filter>
    </ClInclude>
    <ClInclude Include="include\glew\include\GL\wglew.h">
      <Filter>Header Files</Filter>
    </ClInclude>
    <ClInclude Include="include\glfw\GLFW\glfw3.h">
      <Filter>Header Files</Filter>
    </ClInclude>
    <ClInclude Include="include\glfw\GLFW\glfw3native.h">
      <Filter>Header Files</Filter>
    </ClInclude>
    <ClInclude Include="noobGL\nglFileUtils.h">
      <Filter>Header Files</Filter>
    </ClInclude>
    <ClInclude Include="noobGL\nglBufferObject.h">
      <Filter>Header Files</Filter>
    </ClInclude>
    <ClInclude Include="_models\quad_geo_uv.h">
      <Filter>Header Files</Filter>
    </ClInclude>
    <ClInclude Include="noobGL\nglWindow.h">
      <Filter>Header Files</Filter>
    </ClInclude>
    <ClInclude Include="noobGL\nglMaterialManager.h">
      <Filter>Header Files</Filter>
    </ClInclude>
    <ClInclude Include="noobGL\nglMaterialDefinitionLoader.h">
      <Filter>Header Files</Filter>
    </ClInclude>
    <ClInclude Include="noobGL\nglObject.h">
      <Filter>Header Files</Filter>
    </ClInclude>
    <ClInclude Include="noobGL\nglJobEngine.h">
      <Filter>Header Files</Filter>
    </ClInclude>
    <ClInclude Include="noobGL\nglJob.h">
      <Filter>Header Files</Filter>
    </ClInclude>
    <ClInclude Include="rax\raxCriticalSection.h">
      <Filter>Header Files</Filter>
    </ClInclude>
    <ClInclude Include="rax\raxLogging.h">
      <Filter>Header Files</Filter>
    </ClInclude>
    <ClInclude Include="rax\raxFileBuffer.h">
      <Filter>Header Files</Filter>
    </ClInclude>
    <ClInclude Include="noobGL\nglCommon.h">
      <Filter>Header Files</Filter>
    </ClInclude>
    <ClInclude Include="noobGL\loaders\nglLoader.h">
      <Filter>Header Files</Filter>
    </ClInclude>
    <ClInclude Include="noobGL\loaders\nglLoaderCGF.h">
      <Filter>Header Files</Filter>
    </ClInclude>
    <ClInclude Include="noobGL\loaders\nglCGFDefs.h">
      <Filter>Header Files</Filter>
    </ClInclude>
    <ClInclude Include="noobGL\loaders\ContentCGF.h">
      <Filter>Header Files</Filter>
    </ClInclude>
    <ClInclude Include="noobGL\scene\nglGeometry.h">
      <Filter>Header Files</Filter>
    </ClInclude>
    <ClInclude Include="noobGL\scene\nglMesh.h">
      <Filter>Header Files</Filter>
    </ClInclude>
    <ClInclude Include="noobGL\scene\nglScene.h">
      <Filter>Header Files</Filter>
    </ClInclude>
    <ClInclude Include="noobGL\scene\nglSceneNode.h">
      <Filter>Header Files</Filter>
    </ClInclude>
    <ClInclude Include="noobGL\scene\nglTerrain.h">
      <Filter>Header Files</Filter>
    </ClInclude>
    <ClInclude Include="noobGL\scene\nglRawMesh.h">
      <Filter>Header Files</Filter>
    </ClInclude>
    <ClInclude Include="noobGL\nglResourceManager.h">
      <Filter>Header Files</Filter>
    </ClInclude>
    <ClInclude Include="noobGL\physics\nglBoundingVolume.h">
      <Filter>Header Files</Filter>
    </ClInclude>
    <ClInclude Include="noobGL\physics\nglOBB.h">
      <Filter>Header Files</Filter>
    </ClInclude>
    <ClInclude Include="noobGL\render\nglRenderer.h">
      <Filter>Header Files</Filter>
    </ClInclude>
    <ClInclude Include="noobGL\render\nglRenderContext.h">
      <Filter>Header Files</Filter>
    </ClInclude>
    <ClInclude Include="noobGL\render\nglRenderQueue.h">
      <Filter>Header Files</Filter>
    </ClInclude>
    <ClInclude Include="noobGL\render\nglShaderAtrribute.h">
      <Filter>Header Files</Filter>
    </ClInclude>
    <ClInclude Include="noobGL\render\nglShaderVariable.h">
      <Filter>Header Files</Filter>
    </ClInclude>
    <ClInclude Include="noobGL\render\nglShaderCompiler.h">
      <Filter>Header Files</Filter>
    </ClInclude>
    <ClInclude Include="noobGL\render\nglShaderGlobals.h">
      <Filter>Header Files</Filter>
    </ClInclude>
    <ClInclude Include="noobGL\render\nglShaderProgram.h">
      <Filter>Header Files</Filter>
    </ClInclude>
    <ClInclude Include="noobGL\render\nglShaderUniform.h">
      <Filter>Header Files</Filter>
    </ClInclude>
    <ClInclude Include="noobGL\render\nglMaterial.h">
      <Filter>Header Files</Filter>
    </ClInclude>
    <ClInclude Include="noobGL\render\nglShader.h">
      <Filter>Header Files</Filter>
    </ClInclude>
    <ClInclude Include="noobGL\render\nglTexture.h">
      <Filter>Header Files</Filter>
    </ClInclude>
    <ClInclude Include="noobGL\scene\nglCamera.h">
      <Filter>Header Files</Filter>
    </ClInclude>
    <ClInclude Include="noobGL\physics\nglRay.h">
      <Filter>Header Files</Filter>
    </ClInclude>
    <ClInclude Include="noobGL\scene\nglTerrainPatch.h">
      <Filter>Header Files</Filter>
    </ClInclude>
    <ClInclude Include="noobGL\loaders\nglAionHeightmap.h">
      <Filter>Header Files</Filter>
    </ClInclude>
    <ClInclude Include="noobGL\loaders\nglHeightmap.h">
      <Filter>Header Files</Filter>
    </ClInclude>
    <ClInclude Include="rax\raxBits.h">
      <Filter>Header Files</Filter>
    </ClInclude>
    <ClInclude Include="noobGL\render\nglRenderableContainer.h">
      <Filter>Header Files</Filter>
    </ClInclude>
    <ClInclude Include="rax\raxStringUtils.h">
      <Filter>Header Files</Filter>
    </ClInclude>
    <ClInclude Include="noobGL\nglCallbacks.h">
      <Filter>Header Files</Filter>
    </ClInclude>
    <ClInclude Include="noobGL\nglEngine.h">
      <Filter>Header Files</Filter>
    </ClInclude>
  </ItemGroup>
  <ItemGroup>
    <ClCompile Include="stdafx.cpp">
      <Filter>Source Files</Filter>
    </ClCompile>
    <ClCompile Include="noobGL.cpp">
      <Filter>Source Files</Filter>
    </ClCompile>
    <ClCompile Include="noobGL\nglFileUtils.cpp">
      <Filter>Source Files</Filter>
    </ClCompile>
    <ClCompile Include="noobGL\nglWindow.cpp">
      <Filter>Source Files</Filter>
    </ClCompile>
    <ClCompile Include="noobGL\nglMaterialManager.cpp">
      <Filter>Source Files</Filter>
    </ClCompile>
    <ClCompile Include="noobGL\nglMaterialDefinitionLoader.cpp">
      <Filter>Source Files</Filter>
    </ClCompile>
    <ClCompile Include="noobGL\nglObject.cpp">
      <Filter>Source Files</Filter>
    </ClCompile>
    <ClCompile Include="rax\raxCriticalSection.cpp">
      <Filter>Source Files</Filter>
    </ClCompile>
    <ClCompile Include="rax\raxLogging.cpp">
      <Filter>Source Files</Filter>
    </ClCompile>
    <ClCompile Include="rax\raxFileBuffer.cpp">
      <Filter>Source Files</Filter>
    </ClCompile>
    <ClCompile Include="noobGL\loaders\nglLoaderCGF.cpp">
      <Filter>Source Files</Filter>
    </ClCompile>
    <ClCompile Include="noobGL\loaders\ContentCGF.cpp">
      <Filter>Source Files</Filter>
    </ClCompile>
    <ClCompile Include="noobGL\scene\nglGeometry.cpp">
      <Filter>Source Files</Filter>
    </ClCompile>
    <ClCompile Include="noobGL\scene\nglMesh.cpp">
      <Filter>Source Files</Filter>
    </ClCompile>
    <ClCompile Include="noobGL\scene\nglScene.cpp">
      <Filter>Source Files</Filter>
    </ClCompile>
    <ClCompile Include="noobGL\scene\nglSceneNode.cpp">
      <Filter>Source Files</Filter>
    </ClCompile>
    <ClCompile Include="noobGL\scene\nglRawMesh.cpp">
      <Filter>Source Files</Filter>
    </ClCompile>
    <ClCompile Include="noobGL\physics\nglBoundingVolume.cpp">
      <Filter>Source Files</Filter>
    </ClCompile>
    <ClCompile Include="noobGL\physics\nglOBB.cpp">
      <Filter>Source Files</Filter>
    </ClCompile>
    <ClCompile Include="noobGL\nglResourceManager.cpp">
      <Filter>Source Files</Filter>
    </ClCompile>
    <ClCompile Include="noobGL\render\nglRenderContext.cpp">
      <Filter>Source Files</Filter>
    </ClCompile>
    <ClCompile Include="noobGL\render\nglRenderer.cpp">
      <Filter>Source Files</Filter>
    </ClCompile>
    <ClCompile Include="noobGL\render\nglRenderQueue.cpp">
      <Filter>Source Files</Filter>
    </ClCompile>
    <ClCompile Include="noobGL\render\nglShaderCompiler.cpp">
      <Filter>Source Files</Filter>
    </ClCompile>
    <ClCompile Include="noobGL\render\nglShaderProgram.cpp">
      <Filter>Source Files</Filter>
    </ClCompile>
    <ClCompile Include="noobGL\render\nglShaderUniform.cpp">
      <Filter>Source Files</Filter>
    </ClCompile>
    <ClCompile Include="noobGL\render\nglShaderVariable.cpp">
      <Filter>Source Files</Filter>
    </ClCompile>
    <ClCompile Include="noobGL\render\nglMaterial.cpp">
      <Filter>Source Files</Filter>
    </ClCompile>
    <ClCompile Include="noobGL\render\nglShader.cpp">
      <Filter>Source Files</Filter>
    </ClCompile>
    <ClCompile Include="noobGL\render\nglTexture.cpp">
      <Filter>Source Files</Filter>
    </ClCompile>
    <ClCompile Include="noobGL\scene\nglCamera.cpp">
      <Filter>Source Files</Filter>
    </ClCompile>
    <ClCompile Include="noobGL\loaders\nglAionHeightmap.cpp">
      <Filter>Source Files</Filter>
    </ClCompile>
    <ClCompile Include="noobGL\loaders\nglHeightmap.cpp">
      <Filter>Source Files</Filter>
    </ClCompile>
    <ClCompile Include="noobGL\render\nglRenderableContainer.cpp">
      <Filter>Source Files</Filter>
    </ClCompile>
    <ClCompile Include="noobGL\scene\nglTerrain.cpp">
      <Filter>Source Files</Filter>
    </ClCompile>
    <ClCompile Include="noobGL\scene\nglTerrainPatch.cpp">
      <Filter>Source Files</Filter>
    </ClCompile>
  </ItemGroup>
  <ItemGroup>
    <None Include="noobGL\_useful_links.txt" />
  </ItemGroup>
</Project>